
Microsoft Visual Studio Solution File, Format Version 12.00
# Visual Studio Version 17
VisualStudioVersion = 17.9.34616.47
MinimumVisualStudioVersion = 10.0.40219.1
Project("{9A19103F-16F7-4668-BE54-9A1E7A4F7556}") = "DurbarSalesApp.Server", "Server\DurbarSalesApp.Server.csproj", "{91C6CBA8-44FD-4BA5-9F2C-59AFD466EC3C}"
EndProject
Project("{9A19103F-16F7-4668-BE54-9A1E7A4F7556}") = "DurbarSalesApp.Client", "Client\DurbarSalesApp.Client.csproj", "{6D4D7ABD-C7BF-4B0B-9D03-5F4B42F47E25}"
EndProject
Project("{9A19103F-16F7-4668-BE54-9A1E7A4F7556}") = "DurbarSalesApp.Shared", "Shared\DurbarSalesApp.Shared.csproj", "{18A64D77-CCBB-46A3-9893-9DA579639CEB}"
EndProject
Global
	GlobalSection(SolutionConfigurationPlatforms) = preSolution
		Debug|Any CPU = Debug|Any CPU
		Release|Any CPU = Release|Any CPU
	EndGlobalSection
	GlobalSection(ProjectConfigurationPlatforms) = postSolution
		{91C6CBA8-44FD-4BA5-9F2C-59AFD466EC3C}.Debug|Any CPU.ActiveCfg = Debug|Any CPU
		{91C6CBA8-44FD-4BA5-9F2C-59AFD466EC3C}.Debug|Any CPU.Build.0 = Debug|Any CPU
		{91C6CBA8-44FD-4BA5-9F2C-59AFD466EC3C}.Release|Any CPU.ActiveCfg = Release|Any CPU
		{91C6CBA8-44FD-4BA5-9F2C-59AFD466EC3C}.Release|Any CPU.Build.0 = Release|Any CPU
		{6D4D7ABD-C7BF-4B0B-9D03-5F4B42F47E25}.Debug|Any CPU.ActiveCfg = Debug|Any CPU
		{6D4D7ABD-C7BF-4B0B-9D03-5F4B42F47E25}.Debug|Any CPU.Build.0 = Debug|Any CPU
		{6D4D7ABD-C7BF-4B0B-9D03-5F4B42F47E25}.Release|Any CPU.ActiveCfg = Release|Any CPU
		{6D4D7ABD-C7BF-4B0B-9D03-5F4B42F47E25}.Release|Any CPU.Build.0 = Release|Any CPU
		{18A64D77-CCBB-46A3-9893-9DA579639CEB}.Debug|Any CPU.ActiveCfg = Debug|Any CPU
		{18A64D77-CCBB-46A3-9893-9DA579639CEB}.Debug|Any CPU.Build.0 = Debug|Any CPU
		{18A64D77-CCBB-46A3-9893-9DA579639CEB}.Release|Any CPU.ActiveCfg = Release|Any CPU
		{18A64D77-CCBB-46A3-9893-9DA579639CEB}.Release|Any CPU.Build.0 = Release|Any CPU
	EndGlobalSection
	GlobalSection(SolutionProperties) = preSolution
		HideSolutionNode = FALSE
	EndGlobalSection
	GlobalSection(ExtensibilityGlobals) = postSolution
		SolutionGuid = {82627EB8-C0F2-4683-89EB-E3997A43B031}
	EndGlobalSection
EndGlobal
